// !$*UTF8*$!
{
	archiveVersion = 1;
	classes = {
	};
	objectVersion = 48;
	objects = {

/* Begin PBXBuildFile section */
		8790DBBD1FE5D125001C8AA3 /* AppDelegate.swift in Sources */ = {isa = PBXBuildFile; fileRef = 8790DBBC1FE5D125001C8AA3 /* AppDelegate.swift */; };
		8790DBBF1FE5D125001C8AA3 /* ThingsToDoVC.swift in Sources */ = {isa = PBXBuildFile; fileRef = 8790DBBE1FE5D125001C8AA3 /* ThingsToDoVC.swift */; };
		8790DBC21FE5D125001C8AA3 /* Main.storyboard in Resources */ = {isa = PBXBuildFile; fileRef = 8790DBC01FE5D125001C8AA3 /* Main.storyboard */; };
		8790DBC41FE5D125001C8AA3 /* Assets.xcassets in Resources */ = {isa = PBXBuildFile; fileRef = 8790DBC31FE5D125001C8AA3 /* Assets.xcassets */; };
		8790DBC71FE5D125001C8AA3 /* LaunchScreen.storyboard in Resources */ = {isa = PBXBuildFile; fileRef = 8790DBC51FE5D125001C8AA3 /* LaunchScreen.storyboard */; };
		8790DC0E1FE6E4AF001C8AA3 /* Item.swift in Sources */ = {isa = PBXBuildFile; fileRef = 8790DC0D1FE6E4AF001C8AA3 /* Item.swift */; };
/* End PBXBuildFile section */

/* Begin PBXFileReference section */
		8790DBB91FE5D125001C8AA3 /* ThingsToDo.app */ = {isa = PBXFileReference; explicitFileType = wrapper.application; includeInIndex = 0; path = ThingsToDo.app; sourceTree = BUILT_PRODUCTS_DIR; };
		8790DBBC1FE5D125001C8AA3 /* AppDelegate.swift */ = {isa = PBXFileReference; lastKnownFileType = sourcecode.swift; path = AppDelegate.swift; sourceTree = "<group>"; };
		8790DBBE1FE5D125001C8AA3 /* ThingsToDoVC.swift */ = {isa = PBXFileReference; lastKnownFileType = sourcecode.swift; path = ThingsToDoVC.swift; sourceTree = "<group>"; };
		8790DBC11FE5D125001C8AA3 /* Base */ = {isa = PBXFileReference; lastKnownFileType = file.storyboard; name = Base; path = Base.lproj/Main.storyboard; sourceTree = "<group>"; };
		8790DBC31FE5D125001C8AA3 /* Assets.xcassets */ = {isa = PBXFileReference; lastKnownFileType = folder.assetcatalog; path = Assets.xcassets; sourceTree = "<group>"; };
		8790DBC61FE5D125001C8AA3 /* Base */ = {isa = PBXFileReference; lastKnownFileType = file.storyboard; name = Base; path = Base.lproj/LaunchScreen.storyboard; sourceTree = "<group>"; };
		8790DBC81FE5D125001C8AA3 /* Info.plist */ = {isa = PBXFileReference; lastKnownFileType = text.plist.xml; path = Info.plist; sourceTree = "<group>"; };
		8790DC0D1FE6E4AF001C8AA3 /* Item.swift */ = {isa = PBXFileReference; lastKnownFileType = sourcecode.swift; path = Item.swift; sourceTree = "<group>"; };
/* End PBXFileReference section */

/* Begin PBXFrameworksBuildPhase section */
		8790DBB61FE5D125001C8AA3 /* Frameworks */ = {
			isa = PBXFrameworksBuildPhase;
			buildActionMask = 2147483647;
			files = (
			);
			runOnlyForDeploymentPostprocessing = 0;
		};
/* End PBXFrameworksBuildPhase section */

/* Begin PBXGroup section */
		8790DBB01FE5D125001C8AA3 = {
			isa = PBXGroup;
			children = (
				8790DBBB1FE5D125001C8AA3 /* ThingsToDo */,
				8790DBBA1FE5D125001C8AA3 /* Products */,
			);
			sourceTree = "<group>";
		};
		8790DBBA1FE5D125001C8AA3 /* Products */ = {
			isa = PBXGroup;
			children = (
				8790DBB91FE5D125001C8AA3 /* ThingsToDo.app */,
			);
			name = Products;
			sourceTree = "<group>";
		};
		8790DBBB1FE5D125001C8AA3 /* ThingsToDo */ = {
			isa = PBXGroup;
			children = (
				8790DBBC1FE5D125001C8AA3 /* AppDelegate.swift */,
				8790DC0A1FE6E464001C8AA3 /* DataModel */,
				8790DC0B1FE6E471001C8AA3 /* View */,
				8790DC0C1FE6E477001C8AA3 /* Controllers */,
				8790DC0F1FE6E550001C8AA3 /* Supporting Files */,
				8790DBC81FE5D125001C8AA3 /* Info.plist */,
			);
			path = ThingsToDo;
			sourceTree = "<group>";
		};
		8790DC0A1FE6E464001C8AA3 /* DataModel */ = {
			isa = PBXGroup;
			children = (
				8790DC0D1FE6E4AF001C8AA3 /* Item.swift */,
			);
			path = DataModel;
			sourceTree = "<group>";
		};
		8790DC0B1FE6E471001C8AA3 /* View */ = {
			isa = PBXGroup;
			children = (
				8790DBC01FE5D125001C8AA3 /* Main.storyboard */,
			);
			path = View;
			sourceTree = "<group>";
		};
		8790DC0C1FE6E477001C8AA3 /* Controllers */ = {
			isa = PBXGroup;
			children = (
				8790DBBE1FE5D125001C8AA3 /* ThingsToDoVC.swift */,
			);
			path = Controllers;
			sourceTree = "<group>";
		};
		8790DC0F1FE6E550001C8AA3 /* Supporting Files */ = {
			isa = PBXGroup;
			children = (
				8790DBC31FE5D125001C8AA3 /* Assets.xcassets */,
				8790DBC51FE5D125001C8AA3 /* LaunchScreen.storyboard */,
			);
			path = "Supporting Files";
			sourceTree = "<group>";
		};
/* End PBXGroup section */

/* Begin PBXNativeTarget section */
		8790DBB81FE5D125001C8AA3 /* ThingsToDo */ = {
			isa = PBXNativeTarget;
			buildConfigurationList = 8790DBCB1FE5D125001C8AA3 /* Build configuration list for PBXNativeTarget "ThingsToDo" */;
			buildPhases = (
				8790DBB51FE5D125001C8AA3 /* Sources */,
				8790DBB61FE5D125001C8AA3 /* Frameworks */,
				8790DBB71FE5D125001C8AA3 /* Resources */,
			);
			buildRules = (
			);
			dependencies = (
			);
			name = ThingsToDo;
			productName = ThingsToDo;
			productReference = 8790DBB91FE5D125001C8AA3 /* ThingsToDo.app */;
			productType = "com.apple.product-type.application";
		};
/* End PBXNativeTarget section */

/* Begin PBXProject section */
		8790DBB11FE5D125001C8AA3 /* Project object */ = {
			isa = PBXProject;
			attributes = {
				LastSwiftUpdateCheck = 0920;
				LastUpgradeCheck = 0920;
				ORGANIZATIONNAME = "Juan Morillo";
				TargetAttributes = {
					8790DBB81FE5D125001C8AA3 = {
						CreatedOnToolsVersion = 9.2;
						ProvisioningStyle = Automatic;
					};
				};
			};
			buildConfigurationList = 8790DBB41FE5D125001C8AA3 /* Build configuration list for PBXProject "ThingsToDo" */;
			compatibilityVersion = "Xcode 8.0";
			developmentRegion = en;
			hasScannedForEncodings = 0;
			knownRegions = (
				en,
				Base,
			);
			mainGroup = 8790DBB01FE5D125001C8AA3;
			productRefGroup = 8790DBBA1FE5D125001C8AA3 /* Products */;
			projectDirPath = "";
			projectRoot = "";
			targets = (
				8790DBB81FE5D125001C8AA3 /* ThingsToDo */,
			);
		};
/* End PBXProject section */

/* Begin PBXResourcesBuildPhase section */
		8790DBB71FE5D125001C8AA3 /* Resources */ = {
			isa = PBXResourcesBuildPhase;
			buildActionMask = 2147483647;
			files = (
				8790DBC71FE5D125001C8AA3 /* LaunchScreen.storyboard in Resources */,
				8790DBC41FE5D125001C8AA3 /* Assets.xcassets in Resources */,
				8790DBC21FE5D125001C8AA3 /* Main.storyboard in Resources */,
			);
			runOnlyForDeploymentPostprocessing = 0;
		};
/* End PBXResourcesBuildPhase section */

/* Begin PBXSourcesBuildPhase section */
		8790DBB51FE5D125001C8AA3 /* Sources */ = {
			isa = PBXSourcesBuildPhase;
			buildActionMask = 2147483647;
			files = (
				8790DBBF1FE5D125001C8AA3 /* ThingsToDoVC.swift in Sources */,
				8790DC0E1FE6E4AF001C8AA3 /* Item.swift in Sources */,
				8790DBBD1FE5D125001C8AA3 /* AppDelegate.swift in Sources */,
			);
			runOnlyForDeploymentPostprocessing = 0;
		};
/* End PBXSourcesBuildPhase section */

/* Begin PBXVariantGroup section */
		8790DBC01FE5D125001C8AA3 /* Main.storyboard */ = {
			isa = PBXVariantGroup;
			children = (
				8790DBC11FE5D125001C8AA3 /* Base */,
			);
			name = Main.storyboard;
			sourceTree = "<group>";
		};
		8790DBC51FE5D125001C8AA3 /* LaunchScreen.storyboard */ = {
			isa = PBXVariantGroup;
			children = (
				8790DBC61FE5D125001C8AA3 /* Base */,
			);
			name = LaunchScreen.storyboard;
			sourceTree = "<group>";
		};
/* End PBXVariantGroup section */

/* Begin XCBuildConfiguration section */
		8790DBC91FE5D125001C8AA3 /* Debug */ = {
			isa = XCBuildConfiguration;
			buildSettings = {
				ALWAYS_SEARCH_USER_PATHS = NO;
				CLANG_ANALYZER_NONNULL = YES;
				CLANG_ANALYZER_NUMBER_OBJECT_CONVERSION = YES_AGGRESSIVE;
				CLANG_CXX_LANGUAGE_STANDARD = "gnu++14";
				CLANG_CXX_LIBRARY = "libc++";
				CLANG_ENABLE_MODULES = YES;
				CLANG_ENABLE_OBJC_ARC = YES;
				CLANG_WARN_BLOCK_CAPTURE_AUTORELEASING = YES;
				CLANG_WARN_BOOL_CONVERSION = YES;
				CLANG_WARN_COMMA = YES;
				CLANG_WARN_CONSTANT_CONVERSION = YES;
				CLANG_WARN_DIRECT_OBJC_ISA_USAGE = YES_ERROR;
				CLANG_WARN_DOCUMENTATION_COMMENTS = YES;
				CLANG_WARN_EMPTY_BODY = YES;
				CLANG_WARN_ENUM_CONVERSION = YES;
				CLANG_WARN_INFINITE_RECURSION = YES;
				CLANG_WARN_INT_CONVERSION = YES;
				CLANG_WARN_NON_LITERAL_NULL_CONVERSION = YES;
				CLANG_WARN_OBJC_LITERAL_CONVERSION = YES;
				CLANG_WARN_OBJC_ROOT_CLASS = YES_ERROR;
				CLANG_WARN_RANGE_LOOP_ANALYSIS = YES;
				CLANG_WARN_STRICT_PROTOTYPES = YES;
				CLANG_WARN_SUSPICIOUS_MOVE = YES;
				CLANG_WARN_UNGUARDED_AVAILABILITY = YES_AGGRESSIVE;
				CLANG_WARN_UNREACHABLE_CODE = YES;
				CLANG_WARN__DUPLICATE_METHOD_MATCH = YES;
				CODE_SIGN_IDENTITY = "iPhone Developer";
				COPY_PHASE_STRIP = NO;
				DEBUG_INFORMATION_FORMAT = dwarf;
				ENABLE_STRICT_OBJC_MSGSEND = YES;
				ENABLE_TESTABILITY = YES;
				GCC_C_LANGUAGE_STANDARD = gnu11;
				GCC_DYNAMIC_NO_PIC = NO;
				GCC_NO_COMMON_BLOCKS = YES;
				GCC_OPTIMIZATION_LEVEL = 0;
				GCC_PREPROCESSOR_DEFINITIONS = (
					"DEBUG=1",
					"$(inherited)",
				);
				GCC_WARN_64_TO_32_BIT_CONVERSION = YES;
				GCC_WARN_ABOUT_RETURN_TYPE = YES_ERROR;
				GCC_WARN_UNDECLARED_SELECTOR = YES;
				GCC_WARN_UNINITIALIZED_AUTOS = YES_AGGRESSIVE;
				GCC_WARN_UNUSED_FUNCTION = YES;
				GCC_WARN_UNUSED_VARIABLE = YES;
				IPHONEOS_DEPLOYMENT_TARGET = 11.2;
				MTL_ENABLE_DEBUG_INFO = YES;
				ONLY_ACTIVE_ARCH = YES;
				SDKROOT = iphoneos;
				SWIFT_ACTIVE_COMPILATION_CONDITIONS = DEBUG;
				SWIFT_OPTIMIZATION_LEVEL = "-Onone";
			};
			name = Debug;
		};
		8790DBCA1FE5D125001C8AA3 /* Release */ = {
			isa = XCBuildConfiguration;
			buildSettings = {
				ALWAYS_SEARCH_USER_PATHS = NO;
				CLANG_ANALYZER_NONNULL = YES;
				CLANG_ANALYZER_NUMBER_OBJECT_CONVERSION = YES_AGGRESSIVE;
				CLANG_CXX_LANGUAGE_STANDARD = "gnu++14";
				CLANG_CXX_LIBRARY = "libc++";
				CLANG_ENABLE_MODULES = YES;
				CLANG_ENABLE_OBJC_ARC = YES;
				CLANG_WARN_BLOCK_CAPTURE_AUTORELEASING = YES;
				CLANG_WARN_BOOL_CONVERSION = YES;
				CLANG_WARN_COMMA = YES;
				CLANG_WARN_CONSTANT_CONVERSION = YES;
				CLANG_WARN_DIRECT_OBJC_ISA_USAGE = YES_ERROR;
				CLANG_WARN_DOCUMENTATION_COMMENTS = YES;
				CLANG_WARN_EMPTY_BODY = YES;
				CLANG_WARN_ENUM_CONVERSION = YES;
				CLANG_WARN_INFINITE_RECURSION = YES;
				CLANG_WARN_INT_CONVERSION = YES;
				CLANG_WARN_NON_LITERAL_NULL_CONVERSION = YES;
				CLANG_WARN_OBJC_LITERAL_CONVERSION = YES;
				CLANG_WARN_OBJC_ROOT_CLASS = YES_ERROR;
				CLANG_WARN_RANGE_LOOP_ANALYSIS = YES;
				CLANG_WARN_STRICT_PROTOTYPES = YES;
				CLANG_WARN_SUSPICIOUS_MOVE = YES;
				CLANG_WARN_UNGUARDED_AVAILABILITY = YES_AGGRESSIVE;
				CLANG_WARN_UNREACHABLE_CODE = YES;
				CLANG_WARN__DUPLICATE_METHOD_MATCH = YES;
				CODE_SIGN_IDENTITY = "iPhone Developer";
				COPY_PHASE_STRIP = NO;
				DEBUG_INFORMATION_FORMAT = "dwarf-with-dsym";
				ENABLE_NS_ASSERTIONS = NO;
				ENABLE_STRICT_OBJC_MSGSEND = YES;
				GCC_C_LANGUAGE_STANDARD = gnu11;
				GCC_NO_COMMON_BLOCKS = YES;
				GCC_WARN_64_TO_32_BIT_CONVERSION = YES;
				GCC_WARN_ABOUT_RETURN_TYPE = YES_ERROR;
				GCC_WARN_UNDECLARED_SELECTOR = YES;
				GCC_WARN_UNINITIALIZED_AUTOS = YES_AGGRESSIVE;
				GCC_WARN_UNUSED_FUNCTION = YES;
				GCC_WARN_UNUSED_VARIABLE = YES;
				IPHONEOS_DEPLOYMENT_TARGET = 11.2;
				MTL_ENABLE_DEBUG_INFO = NO;
				SDKROOT = iphoneos;
				SWIFT_OPTIMIZATION_LEVEL = "-Owholemodule";
				VALIDATE_PRODUCT = YES;
			};
			name = Release;
		};
		8790DBCC1FE5D125001C8AA3 /* Debug */ = {
			isa = XCBuildConfiguration;
			buildSettings = {
				ASSETCATALOG_COMPILER_APPICON_NAME = AppIcon;
				CODE_SIGN_STYLE = Automatic;
				INFOPLIST_FILE = ThingsToDo/Info.plist;
				LD_RUNPATH_SEARCH_PATHS = "$(inherited) @executable_path/Frameworks";
				PRODUCT_BUNDLE_IDENTIFIER = com.juanmorillios.ThingsToDo;
				PRODUCT_NAME = "$(TARGET_NAME)";
				SWIFT_VERSION = 4.0;
				TARGETED_DEVICE_FAMILY = "1,2";
			};
			name = Debug;
		};
		8790DBCD1FE5D125001C8AA3 /* Release */ = {
			isa = XCBuildConfiguration;
			buildSettings = {
				ASSETCATALOG_COMPILER_APPICON_NAME = AppIcon;
				CODE_SIGN_STYLE = Automatic;
				INFOPLIST_FILE = ThingsToDo/Info.plist;
				LD_RUNPATH_SEARCH_PATHS = "$(inherited) @executable_path/Frameworks";
				PRODUCT_BUNDLE_IDENTIFIER = com.juanmorillios.ThingsToDo;
				PRODUCT_NAME = "$(TARGET_NAME)";
				SWIFT_VERSION = 4.0;
				TARGETED_DEVICE_FAMILY = "1,2";
			};
			name = Release;
		};
/* End XCBuildConfiguration section */

/* Begin XCConfigurationList section */
		8790DBB41FE5D125001C8AA3 /* Build configuration list for PBXProject "ThingsToDo" */ = {
			isa = XCConfigurationList;
			buildConfigurations = (
				8790DBC91FE5D125001C8AA3 /* Debug */,
				8790DBCA1FE5D125001C8AA3 /* Release */,
			);
			defaultConfigurationIsVisible = 0;
			defaultConfigurationName = Release;
		};
		8790DBCB1FE5D125001C8AA3 /* Build configuration list for PBXNativeTarget "ThingsToDo" */ = {
			isa = XCConfigurationList;
			buildConfigurations = (
				8790DBCC1FE5D125001C8AA3 /* Debug */,
				8790DBCD1FE5D125001C8AA3 /* Release */,
			);
			defaultConfigurationIsVisible = 0;
			defaultConfigurationName = Release;
		};
/* End XCConfigurationList section */
	};
	rootObject = 8790DBB11FE5D125001C8AA3 /* Project object */;
}
